
Microsoft Visual Studio Solution File, Format Version 11.00
# Visual Studio 2010
Project("{FAE04EC0-301F-11D3-BF4B-00C04F79EFBC}") = "Dragon RPG Git", "Assembly-CSharp.csproj", "{3FDDFF45-6223-BE77-E4D0-E8A03E4E717A}"
EndProject
Project("{FAE04EC0-301F-11D3-BF4B-00C04F79EFBC}") = "Dragon RPG Git", "Assembly-CSharp-firstpass.csproj", "{E5412553-AD79-C86D-38E7-2DE0A14B44BB}"
EndProject
Project("{FAE04EC0-301F-11D3-BF4B-00C04F79EFBC}") = "Dragon RPG Git", "Assembly-CSharp-Editor.csproj", "{D135321C-F5F9-1E7F-ADE2-FC80432DD8F8}"
EndProject
Global
	GlobalSection(SolutionConfigurationPlatforms) = preSolution
		Debug|Any CPU = Debug|Any CPU
		Release|Any CPU = Release|Any CPU
	EndGlobalSection
	GlobalSection(ProjectConfigurationPlatforms) = postSolution
		{3FDDFF45-6223-BE77-E4D0-E8A03E4E717A}.Debug|Any CPU.ActiveCfg = Debug|Any CPU
		{3FDDFF45-6223-BE77-E4D0-E8A03E4E717A}.Debug|Any CPU.Build.0 = Debug|Any CPU
		{3FDDFF45-6223-BE77-E4D0-E8A03E4E717A}.Release|Any CPU.ActiveCfg = Release|Any CPU
		{3FDDFF45-6223-BE77-E4D0-E8A03E4E717A}.Release|Any CPU.Build.0 = Release|Any CPU
		{E5412553-AD79-C86D-38E7-2DE0A14B44BB}.Debug|Any CPU.ActiveCfg = Debug|Any CPU
		{E5412553-AD79-C86D-38E7-2DE0A14B44BB}.Debug|Any CPU.Build.0 = Debug|Any CPU
		{E5412553-AD79-C86D-38E7-2DE0A14B44BB}.Release|Any CPU.ActiveCfg = Release|Any CPU
		{E5412553-AD79-C86D-38E7-2DE0A14B44BB}.Release|Any CPU.Build.0 = Release|Any CPU
		{D135321C-F5F9-1E7F-ADE2-FC80432DD8F8}.Debug|Any CPU.ActiveCfg = Debug|Any CPU
		{D135321C-F5F9-1E7F-ADE2-FC80432DD8F8}.Debug|Any CPU.Build.0 = Debug|Any CPU
		{D135321C-F5F9-1E7F-ADE2-FC80432DD8F8}.Release|Any CPU.ActiveCfg = Release|Any CPU
		{D135321C-F5F9-1E7F-ADE2-FC80432DD8F8}.Release|Any CPU.Build.0 = Release|Any CPU
	EndGlobalSection
	GlobalSection(SolutionProperties) = preSolution
		HideSolutionNode = FALSE
	EndGlobalSection
	GlobalSection(MonoDevelopProperties) = preSolution
		StartupItem = Assembly-CSharp.csproj
	EndGlobalSection
EndGlobal
